
Microsoft Visual Studio Solution File, Format Version 12.00
# Visual Studio Version 16
VisualStudioVersion = 16.0.29418.71
MinimumVisualStudioVersion = 10.0.40219.1
Project("{FAE04EC0-301F-11D3-BF4B-00C04F79EFBC}") = "DataLayer", "DataLayer\DataLayer.csproj", "{5F56E00B-02A8-4F38-A94B-B9CB4BE4FAF4}"
EndProject
Project("{FAE04EC0-301F-11D3-BF4B-00C04F79EFBC}") = "ServiceLayer", "ServiceLayer\ServiceLayer.csproj", "{92016B9F-8368-456F-B08C-52D19412D297}"
EndProject
Project("{FAE04EC0-301F-11D3-BF4B-00C04F79EFBC}") = "UnitTest", "UnitTest\UnitTest.csproj", "{B2C87E71-38CA-455B-AE32-A9872B5F72F6}"
EndProject
Global
	GlobalSection(SolutionConfigurationPlatforms) = preSolution
		Debug|Any CPU = Debug|Any CPU
		Release|Any CPU = Release|Any CPU
	EndGlobalSection
	GlobalSection(ProjectConfigurationPlatforms) = postSolution
		{5F56E00B-02A8-4F38-A94B-B9CB4BE4FAF4}.Debug|Any CPU.ActiveCfg = Debug|Any CPU
		{5F56E00B-02A8-4F38-A94B-B9CB4BE4FAF4}.Debug|Any CPU.Build.0 = Debug|Any CPU
		{5F56E00B-02A8-4F38-A94B-B9CB4BE4FAF4}.Release|Any CPU.ActiveCfg = Release|Any CPU
		{5F56E00B-02A8-4F38-A94B-B9CB4BE4FAF4}.Release|Any CPU.Build.0 = Release|Any CPU
		{92016B9F-8368-456F-B08C-52D19412D297}.Debug|Any CPU.ActiveCfg = Debug|Any CPU
		{92016B9F-8368-456F-B08C-52D19412D297}.Debug|Any CPU.Build.0 = Debug|Any CPU
		{92016B9F-8368-456F-B08C-52D19412D297}.Release|Any CPU.ActiveCfg = Release|Any CPU
		{92016B9F-8368-456F-B08C-52D19412D297}.Release|Any CPU.Build.0 = Release|Any CPU
		{B2C87E71-38CA-455B-AE32-A9872B5F72F6}.Debug|Any CPU.ActiveCfg = Debug|Any CPU
		{B2C87E71-38CA-455B-AE32-A9872B5F72F6}.Debug|Any CPU.Build.0 = Debug|Any CPU
		{B2C87E71-38CA-455B-AE32-A9872B5F72F6}.Release|Any CPU.ActiveCfg = Release|Any CPU
		{B2C87E71-38CA-455B-AE32-A9872B5F72F6}.Release|Any CPU.Build.0 = Release|Any CPU
	EndGlobalSection
	GlobalSection(SolutionProperties) = preSolution
		HideSolutionNode = FALSE
	EndGlobalSection
	GlobalSection(ExtensibilityGlobals) = postSolution
		SolutionGuid = {3736278A-692A-4339-9E6D-91737662CBE8}
	EndGlobalSection
EndGlobal
